
Microsoft Visual Studio Solution File, Format Version 12.00
# Visual Studio Version 16
VisualStudioVersion = 16.0.30011.22
MinimumVisualStudioVersion = 10.0.40219.1
Project("{FAE04EC0-301F-11D3-BF4B-00C04F79EFBC}") = "Lesson6Task1", "Lesson6Task1\Lesson6Task1.csproj", "{47B0D240-EFF8-4138-A963-1E22DD065096}"
EndProject
Project("{FAE04EC0-301F-11D3-BF4B-00C04F79EFBC}") = "Lesson6Task2", "Lesson6Task2\Lesson6Task2.csproj", "{C012C317-78E5-4226-A214-5260725F5B45}"
EndProject
Global
	GlobalSection(SolutionConfigurationPlatforms) = preSolution
		Debug|Any CPU = Debug|Any CPU
		Release|Any CPU = Release|Any CPU
	EndGlobalSection
	GlobalSection(ProjectConfigurationPlatforms) = postSolution
		{47B0D240-EFF8-4138-A963-1E22DD065096}.Debug|Any CPU.ActiveCfg = Debug|Any CPU
		{47B0D240-EFF8-4138-A963-1E22DD065096}.Debug|Any CPU.Build.0 = Debug|Any CPU
		{47B0D240-EFF8-4138-A963-1E22DD065096}.Release|Any CPU.ActiveCfg = Release|Any CPU
		{47B0D240-EFF8-4138-A963-1E22DD065096}.Release|Any CPU.Build.0 = Release|Any CPU
		{C012C317-78E5-4226-A214-5260725F5B45}.Debug|Any CPU.ActiveCfg = Debug|Any CPU
		{C012C317-78E5-4226-A214-5260725F5B45}.Debug|Any CPU.Build.0 = Debug|Any CPU
		{C012C317-78E5-4226-A214-5260725F5B45}.Release|Any CPU.ActiveCfg = Release|Any CPU
		{C012C317-78E5-4226-A214-5260725F5B45}.Release|Any CPU.Build.0 = Release|Any CPU
	EndGlobalSection
	GlobalSection(SolutionProperties) = preSolution
		HideSolutionNode = FALSE
	EndGlobalSection
	GlobalSection(ExtensibilityGlobals) = postSolution
		SolutionGuid = {1C4CA2C0-9A4F-401F-AC5F-EE815C766295}
	EndGlobalSection
EndGlobal
